
Microsoft Visual Studio Solution File, Format Version 12.00
# Visual Studio Version 16
VisualStudioVersion = 16.0.29209.62
MinimumVisualStudioVersion = 10.0.40219.1
Project("{FAE04EC0-301F-11D3-BF4B-00C04F79EFBC}") = "TeamPowered", "TeamPowered\TeamPowered.csproj", "{38819B34-E26C-4132-89F4-97A6A420CC7F}"
EndProject
Global
	GlobalSection(SolutionConfigurationPlatforms) = preSolution
		Debug|Any CPU = Debug|Any CPU
		Release|Any CPU = Release|Any CPU
	EndGlobalSection
	GlobalSection(ProjectConfigurationPlatforms) = postSolution
		{38819B34-E26C-4132-89F4-97A6A420CC7F}.Debug|Any CPU.ActiveCfg = Debug|Any CPU
		{38819B34-E26C-4132-89F4-97A6A420CC7F}.Debug|Any CPU.Build.0 = Debug|Any CPU
		{38819B34-E26C-4132-89F4-97A6A420CC7F}.Release|Any CPU.ActiveCfg = Release|Any CPU
		{38819B34-E26C-4132-89F4-97A6A420CC7F}.Release|Any CPU.Build.0 = Release|Any CPU
	EndGlobalSection
	GlobalSection(SolutionProperties) = preSolution
		HideSolutionNode = FALSE
	EndGlobalSection
	GlobalSection(ExtensibilityGlobals) = postSolution
		SolutionGuid = {729DC90D-D0D8-46F9-B7E5-D6D0C0229DA9}
	EndGlobalSection
EndGlobal
